
Microsoft Visual Studio Solution File, Format Version 12.00
# Visual Studio 14
VisualStudioVersion = 14.0.23107.0
MinimumVisualStudioVersion = 10.0.40219.1
Project("{FAE04EC0-301F-11D3-BF4B-00C04F79EFBC}") = "Dav.Ef.Console", "Dav.Ef.Console\Dav.Ef.Console.csproj", "{7C4B0BB7-8974-4613-9257-AFCBFCD0E8BC}"
EndProject
Project("{FAE04EC0-301F-11D3-BF4B-00C04F79EFBC}") = "Dav.Ef.Database", "Dav.Ef.Database\Dav.Ef.Database.csproj", "{4A916AA2-E0BD-47CF-9FED-9EB5E8B3B859}"
EndProject
Global
	GlobalSection(SolutionConfigurationPlatforms) = preSolution
		Debug|Any CPU = Debug|Any CPU
		Release|Any CPU = Release|Any CPU
	EndGlobalSection
	GlobalSection(ProjectConfigurationPlatforms) = postSolution
		{7C4B0BB7-8974-4613-9257-AFCBFCD0E8BC}.Debug|Any CPU.ActiveCfg = Debug|Any CPU
		{7C4B0BB7-8974-4613-9257-AFCBFCD0E8BC}.Debug|Any CPU.Build.0 = Debug|Any CPU
		{7C4B0BB7-8974-4613-9257-AFCBFCD0E8BC}.Release|Any CPU.ActiveCfg = Release|Any CPU
		{7C4B0BB7-8974-4613-9257-AFCBFCD0E8BC}.Release|Any CPU.Build.0 = Release|Any CPU
		{4A916AA2-E0BD-47CF-9FED-9EB5E8B3B859}.Debug|Any CPU.ActiveCfg = Debug|Any CPU
		{4A916AA2-E0BD-47CF-9FED-9EB5E8B3B859}.Debug|Any CPU.Build.0 = Debug|Any CPU
		{4A916AA2-E0BD-47CF-9FED-9EB5E8B3B859}.Release|Any CPU.ActiveCfg = Release|Any CPU
		{4A916AA2-E0BD-47CF-9FED-9EB5E8B3B859}.Release|Any CPU.Build.0 = Release|Any CPU
	EndGlobalSection
	GlobalSection(SolutionProperties) = preSolution
		HideSolutionNode = FALSE
	EndGlobalSection
EndGlobal
